
Microsoft Visual Studio Solution File, Format Version 12.00
# Visual Studio 14
VisualStudioVersion = 14.0.25420.1
MinimumVisualStudioVersion = 10.0.40219.1
Project("{FAE04EC0-301F-11D3-BF4B-00C04F79EFBC}") = "MedidorApp", "MedidorApp\MedidorApp.csproj", "{4CA2F57D-DB8E-48F4-841A-C07164EC7F94}"
EndProject
Project("{FAE04EC0-301F-11D3-BF4B-00C04F79EFBC}") = "MedidorModel", "MedidorModel\MedidorModel.csproj", "{ADA5E570-BC5B-497E-AD92-46F4321936F3}"
EndProject
Project("{FAE04EC0-301F-11D3-BF4B-00C04F79EFBC}") = "SocketsUtils", "SocketsUtils\SocketsUtils.csproj", "{50923F24-1863-407B-930B-75B06C0A2006}"
EndProject
Global
	GlobalSection(SolutionConfigurationPlatforms) = preSolution
		Debug|Any CPU = Debug|Any CPU
		Release|Any CPU = Release|Any CPU
	EndGlobalSection
	GlobalSection(ProjectConfigurationPlatforms) = postSolution
		{4CA2F57D-DB8E-48F4-841A-C07164EC7F94}.Debug|Any CPU.ActiveCfg = Debug|Any CPU
		{4CA2F57D-DB8E-48F4-841A-C07164EC7F94}.Debug|Any CPU.Build.0 = Debug|Any CPU
		{4CA2F57D-DB8E-48F4-841A-C07164EC7F94}.Release|Any CPU.ActiveCfg = Release|Any CPU
		{4CA2F57D-DB8E-48F4-841A-C07164EC7F94}.Release|Any CPU.Build.0 = Release|Any CPU
		{ADA5E570-BC5B-497E-AD92-46F4321936F3}.Debug|Any CPU.ActiveCfg = Debug|Any CPU
		{ADA5E570-BC5B-497E-AD92-46F4321936F3}.Debug|Any CPU.Build.0 = Debug|Any CPU
		{ADA5E570-BC5B-497E-AD92-46F4321936F3}.Release|Any CPU.ActiveCfg = Release|Any CPU
		{ADA5E570-BC5B-497E-AD92-46F4321936F3}.Release|Any CPU.Build.0 = Release|Any CPU
		{50923F24-1863-407B-930B-75B06C0A2006}.Debug|Any CPU.ActiveCfg = Debug|Any CPU
		{50923F24-1863-407B-930B-75B06C0A2006}.Debug|Any CPU.Build.0 = Debug|Any CPU
		{50923F24-1863-407B-930B-75B06C0A2006}.Release|Any CPU.ActiveCfg = Release|Any CPU
		{50923F24-1863-407B-930B-75B06C0A2006}.Release|Any CPU.Build.0 = Release|Any CPU
	EndGlobalSection
	GlobalSection(SolutionProperties) = preSolution
		HideSolutionNode = FALSE
	EndGlobalSection
EndGlobal
